
Microsoft Visual Studio Solution File, Format Version 12.00
# Visual Studio Version 17
VisualStudioVersion = 17.2.32505.173
MinimumVisualStudioVersion = 10.0.40219.1
Project("{FAE04EC0-301F-11D3-BF4B-00C04F79EFBC}") = "Product.API", "Product.API\Product.API.csproj", "{C6F4EE3E-6DC1-4713-81FF-76136F58A5C6}"
EndProject
Project("{FAE04EC0-301F-11D3-BF4B-00C04F79EFBC}") = "Product.Core", "Product.Core\Product.Core.csproj", "{1038FF6B-3245-44DB-AB1C-3ECBB3560E4E}"
EndProject
Project("{FAE04EC0-301F-11D3-BF4B-00C04F79EFBC}") = "Product.Infrastructure", "Product.Infrastrucre\Product.Infrastructure.csproj", "{0787303F-C7BB-4D6F-A775-129EF729123B}"
EndProject
Global
	GlobalSection(SolutionConfigurationPlatforms) = preSolution
		Debug|Any CPU = Debug|Any CPU
		Release|Any CPU = Release|Any CPU
	EndGlobalSection
	GlobalSection(ProjectConfigurationPlatforms) = postSolution
		{C6F4EE3E-6DC1-4713-81FF-76136F58A5C6}.Debug|Any CPU.ActiveCfg = Debug|Any CPU
		{C6F4EE3E-6DC1-4713-81FF-76136F58A5C6}.Debug|Any CPU.Build.0 = Debug|Any CPU
		{C6F4EE3E-6DC1-4713-81FF-76136F58A5C6}.Release|Any CPU.ActiveCfg = Release|Any CPU
		{C6F4EE3E-6DC1-4713-81FF-76136F58A5C6}.Release|Any CPU.Build.0 = Release|Any CPU
		{1038FF6B-3245-44DB-AB1C-3ECBB3560E4E}.Debug|Any CPU.ActiveCfg = Debug|Any CPU
		{1038FF6B-3245-44DB-AB1C-3ECBB3560E4E}.Debug|Any CPU.Build.0 = Debug|Any CPU
		{1038FF6B-3245-44DB-AB1C-3ECBB3560E4E}.Release|Any CPU.ActiveCfg = Release|Any CPU
		{1038FF6B-3245-44DB-AB1C-3ECBB3560E4E}.Release|Any CPU.Build.0 = Release|Any CPU
		{0787303F-C7BB-4D6F-A775-129EF729123B}.Debug|Any CPU.ActiveCfg = Debug|Any CPU
		{0787303F-C7BB-4D6F-A775-129EF729123B}.Debug|Any CPU.Build.0 = Debug|Any CPU
		{0787303F-C7BB-4D6F-A775-129EF729123B}.Release|Any CPU.ActiveCfg = Release|Any CPU
		{0787303F-C7BB-4D6F-A775-129EF729123B}.Release|Any CPU.Build.0 = Release|Any CPU
	EndGlobalSection
	GlobalSection(SolutionProperties) = preSolution
		HideSolutionNode = FALSE
	EndGlobalSection
	GlobalSection(ExtensibilityGlobals) = postSolution
		SolutionGuid = {B0D74F51-2FCF-490C-8D18-E46F50A19906}
	EndGlobalSection
EndGlobal
